
Microsoft Visual Studio Solution File, Format Version 12.00
# Visual Studio 15
VisualStudioVersion = 15.0.28010.2026
MinimumVisualStudioVersion = 10.0.40219.1
Project("{FAE04EC0-301F-11D3-BF4B-00C04F79EFBC}") = "PageOrientedFramework", "EATestProject\PageOrientedFramework.csproj", "{02608F14-CE38-4C47-83F0-FDB424CB35A9}"
EndProject
Project("{FAE04EC0-301F-11D3-BF4B-00C04F79EFBC}") = "IBS2", "IBS2\IBS2.csproj", "{900F03A6-216A-4726-964E-663A593696E0}"
EndProject
Global
	GlobalSection(SolutionConfigurationPlatforms) = preSolution
		Debug|Any CPU = Debug|Any CPU
		Release|Any CPU = Release|Any CPU
	EndGlobalSection
	GlobalSection(ProjectConfigurationPlatforms) = postSolution
		{02608F14-CE38-4C47-83F0-FDB424CB35A9}.Debug|Any CPU.ActiveCfg = Debug|Any CPU
		{02608F14-CE38-4C47-83F0-FDB424CB35A9}.Debug|Any CPU.Build.0 = Debug|Any CPU
		{02608F14-CE38-4C47-83F0-FDB424CB35A9}.Release|Any CPU.ActiveCfg = Release|Any CPU
		{02608F14-CE38-4C47-83F0-FDB424CB35A9}.Release|Any CPU.Build.0 = Release|Any CPU
		{900F03A6-216A-4726-964E-663A593696E0}.Debug|Any CPU.ActiveCfg = Debug|Any CPU
		{900F03A6-216A-4726-964E-663A593696E0}.Debug|Any CPU.Build.0 = Debug|Any CPU
		{900F03A6-216A-4726-964E-663A593696E0}.Release|Any CPU.ActiveCfg = Release|Any CPU
		{900F03A6-216A-4726-964E-663A593696E0}.Release|Any CPU.Build.0 = Release|Any CPU
	EndGlobalSection
	GlobalSection(SolutionProperties) = preSolution
		HideSolutionNode = FALSE
	EndGlobalSection
	GlobalSection(ExtensibilityGlobals) = postSolution
		SolutionGuid = {D2998D7D-2F24-4F24-B273-B43A5DAC95C7}
	EndGlobalSection
EndGlobal
